
Microsoft Visual Studio Solution File, Format Version 12.00
# Visual Studio 15
VisualStudioVersion = 15.0.28307.572
MinimumVisualStudioVersion = 10.0.40219.1
Project("{8BC9CEB8-8B4A-11D0-8D11-00A0C91BC942}") = "seetaface", "seetaface\seetaface.vcxproj", "{45B89EBE-BF9B-46C8-8EDB-46EDED625FDA}"
EndProject
Global
	GlobalSection(SolutionConfigurationPlatforms) = preSolution
		Debug|x64 = Debug|x64
		Debug|x86 = Debug|x86
		Release|x64 = Release|x64
		Release|x86 = Release|x86
	EndGlobalSection
	GlobalSection(ProjectConfigurationPlatforms) = postSolution
		{45B89EBE-BF9B-46C8-8EDB-46EDED625FDA}.Debug|x64.ActiveCfg = Debug|x64
		{45B89EBE-BF9B-46C8-8EDB-46EDED625FDA}.Debug|x64.Build.0 = Debug|x64
		{45B89EBE-BF9B-46C8-8EDB-46EDED625FDA}.Debug|x86.ActiveCfg = Debug|Win32
		{45B89EBE-BF9B-46C8-8EDB-46EDED625FDA}.Debug|x86.Build.0 = Debug|Win32
		{45B89EBE-BF9B-46C8-8EDB-46EDED625FDA}.Release|x64.ActiveCfg = Release|x64
		{45B89EBE-BF9B-46C8-8EDB-46EDED625FDA}.Release|x64.Build.0 = Release|x64
		{45B89EBE-BF9B-46C8-8EDB-46EDED625FDA}.Release|x86.ActiveCfg = Release|Win32
		{45B89EBE-BF9B-46C8-8EDB-46EDED625FDA}.Release|x86.Build.0 = Release|Win32
	EndGlobalSection
	GlobalSection(SolutionProperties) = preSolution
		HideSolutionNode = FALSE
	EndGlobalSection
	GlobalSection(ExtensibilityGlobals) = postSolution
		SolutionGuid = {0247C34A-125F-44CB-8659-8CB03CEF510B}
	EndGlobalSection
EndGlobal
